
Microsoft Visual Studio Solution File, Format Version 12.00
# Visual Studio Version 17
VisualStudioVersion = 17.2.32630.192
MinimumVisualStudioVersion = 10.0.40219.1
Project("{FAE04EC0-301F-11D3-BF4B-00C04F79EFBC}") = "LineComparison", "LineComparison\LineComparison.csproj", "{96F6077C-98B2-49EB-A0BB-7C62C14F023D}"
EndProject
Global
	GlobalSection(SolutionConfigurationPlatforms) = preSolution
		Debug|Any CPU = Debug|Any CPU
		Release|Any CPU = Release|Any CPU
	EndGlobalSection
	GlobalSection(ProjectConfigurationPlatforms) = postSolution
		{96F6077C-98B2-49EB-A0BB-7C62C14F023D}.Debug|Any CPU.ActiveCfg = Debug|Any CPU
		{96F6077C-98B2-49EB-A0BB-7C62C14F023D}.Debug|Any CPU.Build.0 = Debug|Any CPU
		{96F6077C-98B2-49EB-A0BB-7C62C14F023D}.Release|Any CPU.ActiveCfg = Release|Any CPU
		{96F6077C-98B2-49EB-A0BB-7C62C14F023D}.Release|Any CPU.Build.0 = Release|Any CPU
	EndGlobalSection
	GlobalSection(SolutionProperties) = preSolution
		HideSolutionNode = FALSE
	EndGlobalSection
	GlobalSection(ExtensibilityGlobals) = postSolution
		SolutionGuid = {F724C19E-3FB6-4CDE-B2F5-B83FEEA4FF66}
	EndGlobalSection
EndGlobal
